
Microsoft Visual Studio Solution File, Format Version 12.00
# Visual Studio 2017
Project("{FAE04EC0-301F-11D3-BF4B-00C04F79EFBC}") = "Zombie-Runner-FPS.Plugins", "Zombie-Runner-FPS.Plugins.csproj", "{3AB384CA-F844-4F2A-F90E-9A2ED4DC6A43}"
EndProject
Project("{FAE04EC0-301F-11D3-BF4B-00C04F79EFBC}") = "Zombie-Runner-FPS", "Zombie-Runner-FPS.csproj", "{F75176E6-FB53-FC69-1676-9E4E8DA142A7}"
EndProject
Project("{FAE04EC0-301F-11D3-BF4B-00C04F79EFBC}") = "Zombie-Runner-FPS.Editor.Plugins", "Zombie-Runner-FPS.Editor.Plugins.csproj", "{07619718-BFFF-40F8-D8A5-CAC88FFF3102}"
EndProject
Global
	GlobalSection(SolutionConfigurationPlatforms) = preSolution
		Debug|Any CPU = Debug|Any CPU
		Release|Any CPU = Release|Any CPU
	EndGlobalSection
	GlobalSection(ProjectConfigurationPlatforms) = postSolution
		{3AB384CA-F844-4F2A-F90E-9A2ED4DC6A43}.Debug|Any CPU.ActiveCfg = Debug|Any CPU
		{3AB384CA-F844-4F2A-F90E-9A2ED4DC6A43}.Debug|Any CPU.Build.0 = Debug|Any CPU
		{3AB384CA-F844-4F2A-F90E-9A2ED4DC6A43}.Release|Any CPU.ActiveCfg = Release|Any CPU
		{3AB384CA-F844-4F2A-F90E-9A2ED4DC6A43}.Release|Any CPU.Build.0 = Release|Any CPU
		{F75176E6-FB53-FC69-1676-9E4E8DA142A7}.Debug|Any CPU.ActiveCfg = Debug|Any CPU
		{F75176E6-FB53-FC69-1676-9E4E8DA142A7}.Debug|Any CPU.Build.0 = Debug|Any CPU
		{F75176E6-FB53-FC69-1676-9E4E8DA142A7}.Release|Any CPU.ActiveCfg = Release|Any CPU
		{F75176E6-FB53-FC69-1676-9E4E8DA142A7}.Release|Any CPU.Build.0 = Release|Any CPU
		{07619718-BFFF-40F8-D8A5-CAC88FFF3102}.Debug|Any CPU.ActiveCfg = Debug|Any CPU
		{07619718-BFFF-40F8-D8A5-CAC88FFF3102}.Debug|Any CPU.Build.0 = Debug|Any CPU
		{07619718-BFFF-40F8-D8A5-CAC88FFF3102}.Release|Any CPU.ActiveCfg = Release|Any CPU
		{07619718-BFFF-40F8-D8A5-CAC88FFF3102}.Release|Any CPU.Build.0 = Release|Any CPU
	EndGlobalSection
	GlobalSection(SolutionProperties) = preSolution
		HideSolutionNode = FALSE
	EndGlobalSection
EndGlobal
